// !$*UTF8*$!
{
	archiveVersion = 1;
	classes = {
	};
	objectVersion = 56;
	objects = {

/* Begin PBXBuildFile section */
		8C3CD37A2A8AD5C400D002E3 /* FirebaseAuth in Frameworks */ = {isa = PBXBuildFile; productRef = 8C3CD3792A8AD5C400D002E3 /* FirebaseAuth */; };
		8C3CD37C2A8AD5C400D002E3 /* FirebaseAuthCombine-Community in Frameworks */ = {isa = PBXBuildFile; productRef = 8C3CD37B2A8AD5C400D002E3 /* FirebaseAuthCombine-Community */; };
		8C51BFDA2A78544A001AAE1E /* LandScapeManager.swift in Sources */ = {isa = PBXBuildFile; fileRef = 8C51BFD92A78544A001AAE1E /* LandScapeManager.swift */; };
		8C51BFDC2A78E42A001AAE1E /* OnboardingViewController.swift in Sources */ = {isa = PBXBuildFile; fileRef = 8C51BFDB2A78E42A001AAE1E /* OnboardingViewController.swift */; };
		8C51BFE02A78EAD2001AAE1E /* ImageHelper.swift in Sources */ = {isa = PBXBuildFile; fileRef = 8C51BFDF2A78EAD2001AAE1E /* ImageHelper.swift */; };
		8C51BFE42A78F30D001AAE1E /* OnboardingCell.swift in Sources */ = {isa = PBXBuildFile; fileRef = 8C51BFE32A78F30D001AAE1E /* OnboardingCell.swift */; };
		8C5204DE2A691718002E8945 /* AppDelegate.swift in Sources */ = {isa = PBXBuildFile; fileRef = 8C5204DD2A691718002E8945 /* AppDelegate.swift */; };
		8C5204E02A691718002E8945 /* SceneDelegate.swift in Sources */ = {isa = PBXBuildFile; fileRef = 8C5204DF2A691718002E8945 /* SceneDelegate.swift */; };
		8C5204E22A691718002E8945 /* ViewController.swift in Sources */ = {isa = PBXBuildFile; fileRef = 8C5204E12A691718002E8945 /* ViewController.swift */; };
		8C5204E52A691718002E8945 /* Main.storyboard in Resources */ = {isa = PBXBuildFile; fileRef = 8C5204E32A691718002E8945 /* Main.storyboard */; };
		8C5204E72A691719002E8945 /* Assets.xcassets in Resources */ = {isa = PBXBuildFile; fileRef = 8C5204E62A691719002E8945 /* Assets.xcassets */; };
		8C5204EA2A691719002E8945 /* LaunchScreen.storyboard in Resources */ = {isa = PBXBuildFile; fileRef = 8C5204E82A691719002E8945 /* LaunchScreen.storyboard */; };
		8C5204F52A691719002E8945 /* MovieAppTests.swift in Sources */ = {isa = PBXBuildFile; fileRef = 8C5204F42A691719002E8945 /* MovieAppTests.swift */; };
		8C5204FF2A691719002E8945 /* MovieAppUITests.swift in Sources */ = {isa = PBXBuildFile; fileRef = 8C5204FE2A691719002E8945 /* MovieAppUITests.swift */; };
		8C5205012A691719002E8945 /* MovieAppUITestsLaunchTests.swift in Sources */ = {isa = PBXBuildFile; fileRef = 8C5205002A691719002E8945 /* MovieAppUITestsLaunchTests.swift */; };
		8C8591242A691F0F00F68171 /* MovieListCell.swift in Sources */ = {isa = PBXBuildFile; fileRef = 8C8591222A691F0F00F68171 /* MovieListCell.swift */; };
		8C8591252A691F0F00F68171 /* MovieListCell.xib in Resources */ = {isa = PBXBuildFile; fileRef = 8C8591232A691F0F00F68171 /* MovieListCell.xib */; };
		8C85912E2A6DB09500F68171 /* DetailsViewController.swift in Sources */ = {isa = PBXBuildFile; fileRef = 8C85912D2A6DB09500F68171 /* DetailsViewController.swift */; };
		8C8591302A6E5F5C00F68171 /* FavoritesViewController.swift in Sources */ = {isa = PBXBuildFile; fileRef = 8C85912F2A6E5F5C00F68171 /* FavoritesViewController.swift */; };
		8CA6B78A2A6FA31200A809C0 /* Service.swift in Sources */ = {isa = PBXBuildFile; fileRef = 8CA6B7892A6FA2FC00A809C0 /* Service.swift */; };
		8CA6B78C2A6FB34300A809C0 /* Movie.swift in Sources */ = {isa = PBXBuildFile; fileRef = 8CA6B78B2A6FB34300A809C0 /* Movie.swift */; };
		8CA6B78F2A6FC05C00A809C0 /* SDWebImage in Frameworks */ = {isa = PBXBuildFile; productRef = 8CA6B78E2A6FC05C00A809C0 /* SDWebImage */; };
		8CA6B7912A6FC05C00A809C0 /* SDWebImageMapKit in Frameworks */ = {isa = PBXBuildFile; productRef = 8CA6B7902A6FC05C00A809C0 /* SDWebImageMapKit */; };
		8CA6B7932A6FC19A00A809C0 /* Constants.swift in Sources */ = {isa = PBXBuildFile; fileRef = 8CA6B7922A6FC19A00A809C0 /* Constants.swift */; };
		8CAC88892A8D080600D9D4BA /* SpaceViewController.swift in Sources */ = {isa = PBXBuildFile; fileRef = 8CAC88882A8D080600D9D4BA /* SpaceViewController.swift */; };
		8CE70BA02A8ABF0A006D02DA /* GoogleService-Info.plist in Resources */ = {isa = PBXBuildFile; fileRef = 8CE70B9F2A8ABF0A006D02DA /* GoogleService-Info.plist */; };
		8CE70BA32A8AC17E006D02DA /* FirebaseAnalytics in Frameworks */ = {isa = PBXBuildFile; productRef = 8CE70BA22A8AC17E006D02DA /* FirebaseAnalytics */; };
		8CE70BA52A8AC17E006D02DA /* FirebaseCrashlytics in Frameworks */ = {isa = PBXBuildFile; productRef = 8CE70BA42A8AC17E006D02DA /* FirebaseCrashlytics */; };
		8CE70BA72A8ACB6C006D02DA /* LoginViewController.swift in Sources */ = {isa = PBXBuildFile; fileRef = 8CE70BA62A8ACB6C006D02DA /* LoginViewController.swift */; };
/* End PBXBuildFile section */

/* Begin PBXContainerItemProxy section */
		8C5204F12A691719002E8945 /* PBXContainerItemProxy */ = {
			isa = PBXContainerItemProxy;
			containerPortal = 8C5204D22A691718002E8945 /* Project object */;
			proxyType = 1;
			remoteGlobalIDString = 8C5204D92A691718002E8945;
			remoteInfo = MovieApp;
		};
		8C5204FB2A691719002E8945 /* PBXContainerItemProxy */ = {
			isa = PBXContainerItemProxy;
			containerPortal = 8C5204D22A691718002E8945 /* Project object */;
			proxyType = 1;
			remoteGlobalIDString = 8C5204D92A691718002E8945;
			remoteInfo = MovieApp;
		};
/* End PBXContainerItemProxy section */

/* Begin PBXFileReference section */
		8C51BFD92A78544A001AAE1E /* LandScapeManager.swift */ = {isa = PBXFileReference; lastKnownFileType = sourcecode.swift; path = LandScapeManager.swift; sourceTree = "<group>"; };
		8C51BFDB2A78E42A001AAE1E /* OnboardingViewController.swift */ = {isa = PBXFileReference; lastKnownFileType = sourcecode.swift; path = OnboardingViewController.swift; sourceTree = "<group>"; };
		8C51BFDF2A78EAD2001AAE1E /* ImageHelper.swift */ = {isa = PBXFileReference; lastKnownFileType = sourcecode.swift; path = ImageHelper.swift; sourceTree = "<group>"; };
		8C51BFE32A78F30D001AAE1E /* OnboardingCell.swift */ = {isa = PBXFileReference; lastKnownFileType = sourcecode.swift; path = OnboardingCell.swift; sourceTree = "<group>"; };
		8C5204DA2A691718002E8945 /* MovieApp.app */ = {isa = PBXFileReference; explicitFileType = wrapper.application; includeInIndex = 0; path = MovieApp.app; sourceTree = BUILT_PRODUCTS_DIR; };
		8C5204DD2A691718002E8945 /* AppDelegate.swift */ = {isa = PBXFileReference; lastKnownFileType = sourcecode.swift; path = AppDelegate.swift; sourceTree = "<group>"; };
		8C5204DF2A691718002E8945 /* SceneDelegate.swift */ = {isa = PBXFileReference; lastKnownFileType = sourcecode.swift; path = SceneDelegate.swift; sourceTree = "<group>"; };
		8C5204E12A691718002E8945 /* ViewController.swift */ = {isa = PBXFileReference; lastKnownFileType = sourcecode.swift; path = ViewController.swift; sourceTree = "<group>"; };
		8C5204E42A691718002E8945 /* Base */ = {isa = PBXFileReference; lastKnownFileType = file.storyboard; name = Base; path = Base.lproj/Main.storyboard; sourceTree = "<group>"; };
		8C5204E62A691719002E8945 /* Assets.xcassets */ = {isa = PBXFileReference; lastKnownFileType = folder.assetcatalog; path = Assets.xcassets; sourceTree = "<group>"; };
		8C5204E92A691719002E8945 /* Base */ = {isa = PBXFileReference; lastKnownFileType = file.storyboard; name = Base; path = Base.lproj/LaunchScreen.storyboard; sourceTree = "<group>"; };
		8C5204EB2A691719002E8945 /* Info.plist */ = {isa = PBXFileReference; lastKnownFileType = text.plist.xml; name = Info.plist; path = MovieApp/Info.plist; sourceTree = SOURCE_ROOT; };
		8C5204F02A691719002E8945 /* MovieAppTests.xctest */ = {isa = PBXFileReference; explicitFileType = wrapper.cfbundle; includeInIndex = 0; path = MovieAppTests.xctest; sourceTree = BUILT_PRODUCTS_DIR; };
		8C5204F42A691719002E8945 /* MovieAppTests.swift */ = {isa = PBXFileReference; lastKnownFileType = sourcecode.swift; path = MovieAppTests.swift; sourceTree = "<group>"; };
		8C5204FA2A691719002E8945 /* MovieAppUITests.xctest */ = {isa = PBXFileReference; explicitFileType = wrapper.cfbundle; includeInIndex = 0; path = MovieAppUITests.xctest; sourceTree = BUILT_PRODUCTS_DIR; };
		8C5204FE2A691719002E8945 /* MovieAppUITests.swift */ = {isa = PBXFileReference; lastKnownFileType = sourcecode.swift; path = MovieAppUITests.swift; sourceTree = "<group>"; };
		8C5205002A691719002E8945 /* MovieAppUITestsLaunchTests.swift */ = {isa = PBXFileReference; lastKnownFileType = sourcecode.swift; path = MovieAppUITestsLaunchTests.swift; sourceTree = "<group>"; };
		8C8591222A691F0F00F68171 /* MovieListCell.swift */ = {isa = PBXFileReference; lastKnownFileType = sourcecode.swift; path = MovieListCell.swift; sourceTree = "<group>"; };
		8C8591232A691F0F00F68171 /* MovieListCell.xib */ = {isa = PBXFileReference; lastKnownFileType = file.xib; path = MovieListCell.xib; sourceTree = "<group>"; };
		8C85912D2A6DB09500F68171 /* DetailsViewController.swift */ = {isa = PBXFileReference; lastKnownFileType = sourcecode.swift; name = DetailsViewController.swift; path = Cell/DetailsViewController.swift; sourceTree = "<group>"; };
		8C85912F2A6E5F5C00F68171 /* FavoritesViewController.swift */ = {isa = PBXFileReference; lastKnownFileType = sourcecode.swift; path = FavoritesViewController.swift; sourceTree = "<group>"; };
		8CA6B7892A6FA2FC00A809C0 /* Service.swift */ = {isa = PBXFileReference; lastKnownFileType = sourcecode.swift; path = Service.swift; sourceTree = "<group>"; };
		8CA6B78B2A6FB34300A809C0 /* Movie.swift */ = {isa = PBXFileReference; lastKnownFileType = sourcecode.swift; path = Movie.swift; sourceTree = "<group>"; };
		8CA6B7922A6FC19A00A809C0 /* Constants.swift */ = {isa = PBXFileReference; lastKnownFileType = sourcecode.swift; path = Constants.swift; sourceTree = "<group>"; };
		8CAC88882A8D080600D9D4BA /* SpaceViewController.swift */ = {isa = PBXFileReference; lastKnownFileType = sourcecode.swift; path = SpaceViewController.swift; sourceTree = "<group>"; };
		8CE70B9F2A8ABF0A006D02DA /* GoogleService-Info.plist */ = {isa = PBXFileReference; fileEncoding = 4; lastKnownFileType = text.plist.xml; path = "GoogleService-Info.plist"; sourceTree = "<group>"; };
		8CE70BA62A8ACB6C006D02DA /* LoginViewController.swift */ = {isa = PBXFileReference; lastKnownFileType = sourcecode.swift; path = LoginViewController.swift; sourceTree = "<group>"; };
/* End PBXFileReference section */

/* Begin PBXFrameworksBuildPhase section */
		8C5204D72A691718002E8945 /* Frameworks */ = {
			isa = PBXFrameworksBuildPhase;
			buildActionMask = 2147483647;
			files = (
				8CA6B7912A6FC05C00A809C0 /* SDWebImageMapKit in Frameworks */,
				8C3CD37C2A8AD5C400D002E3 /* FirebaseAuthCombine-Community in Frameworks */,
				8C3CD37A2A8AD5C400D002E3 /* FirebaseAuth in Frameworks */,
				8CE70BA52A8AC17E006D02DA /* FirebaseCrashlytics in Frameworks */,
				8CA6B78F2A6FC05C00A809C0 /* SDWebImage in Frameworks */,
				8CE70BA32A8AC17E006D02DA /* FirebaseAnalytics in Frameworks */,
			);
			runOnlyForDeploymentPostprocessing = 0;
		};
		8C5204ED2A691719002E8945 /* Frameworks */ = {
			isa = PBXFrameworksBuildPhase;
			buildActionMask = 2147483647;
			files = (
			);
			runOnlyForDeploymentPostprocessing = 0;
		};
		8C5204F72A691719002E8945 /* Frameworks */ = {
			isa = PBXFrameworksBuildPhase;
			buildActionMask = 2147483647;
			files = (
			);
			runOnlyForDeploymentPostprocessing = 0;
		};
/* End PBXFrameworksBuildPhase section */

/* Begin PBXGroup section */
		8C3CD3782A8AD5C400D002E3 /* Frameworks */ = {
			isa = PBXGroup;
			children = (
			);
			name = Frameworks;
			sourceTree = "<group>";
		};
		8C51BFC72A7848F6001AAE1E /* Splash */ = {
			isa = PBXGroup;
			children = (
				8C5204E82A691719002E8945 /* LaunchScreen.storyboard */,
			);
			path = Splash;
			sourceTree = "<group>";
		};
		8C51BFDE2A78EAB0001AAE1E /* OnboardinControll */ = {
			isa = PBXGroup;
			children = (
				8C51BFDB2A78E42A001AAE1E /* OnboardingViewController.swift */,
				8C51BFDF2A78EAD2001AAE1E /* ImageHelper.swift */,
				8C51BFE32A78F30D001AAE1E /* OnboardingCell.swift */,
			);
			path = OnboardinControll;
			sourceTree = "<group>";
		};
		8C5204D12A691718002E8945 = {
			isa = PBXGroup;
			children = (
				8C5204DC2A691718002E8945 /* MovieApp */,
				8C5204F32A691719002E8945 /* MovieAppTests */,
				8C5204FD2A691719002E8945 /* MovieAppUITests */,
				8C5204DB2A691718002E8945 /* Products */,
				8C3CD3782A8AD5C400D002E3 /* Frameworks */,
			);
			sourceTree = "<group>";
		};
		8C5204DB2A691718002E8945 /* Products */ = {
			isa = PBXGroup;
			children = (
				8C5204DA2A691718002E8945 /* MovieApp.app */,
				8C5204F02A691719002E8945 /* MovieAppTests.xctest */,
				8C5204FA2A691719002E8945 /* MovieAppUITests.xctest */,
			);
			name = Products;
			sourceTree = "<group>";
		};
		8C5204DC2A691718002E8945 /* MovieApp */ = {
			isa = PBXGroup;
			children = (
				8C8591212A691ECC00F68171 /* Service */,
				8C8591202A691EAD00F68171 /* Models */,
				8C85911D2A691E7400F68171 /* Controller */,
				8C5204DD2A691718002E8945 /* AppDelegate.swift */,
				8C5204DF2A691718002E8945 /* SceneDelegate.swift */,
				8C5204E32A691718002E8945 /* Main.storyboard */,
				8C5204E62A691719002E8945 /* Assets.xcassets */,
				8C5204EB2A691719002E8945 /* Info.plist */,
				8CE70B9F2A8ABF0A006D02DA /* GoogleService-Info.plist */,
			);
			path = MovieApp;
			sourceTree = "<group>";
		};
		8C5204F32A691719002E8945 /* MovieAppTests */ = {
			isa = PBXGroup;
			children = (
				8C5204F42A691719002E8945 /* MovieAppTests.swift */,
			);
			path = MovieAppTests;
			sourceTree = "<group>";
		};
		8C5204FD2A691719002E8945 /* MovieAppUITests */ = {
			isa = PBXGroup;
			children = (
				8C5204FE2A691719002E8945 /* MovieAppUITests.swift */,
				8C5205002A691719002E8945 /* MovieAppUITestsLaunchTests.swift */,
			);
			path = MovieAppUITests;
			sourceTree = "<group>";
		};
		8C85911D2A691E7400F68171 /* Controller */ = {
			isa = PBXGroup;
			children = (
				8C51BFDE2A78EAB0001AAE1E /* OnboardinControll */,
				8C51BFC72A7848F6001AAE1E /* Splash */,
				8C8591262A69245300F68171 /* Cell */,
				8C5204E12A691718002E8945 /* ViewController.swift */,
				8C85912D2A6DB09500F68171 /* DetailsViewController.swift */,
				8C85912F2A6E5F5C00F68171 /* FavoritesViewController.swift */,
				8C51BFD92A78544A001AAE1E /* LandScapeManager.swift */,
				8CE70BA62A8ACB6C006D02DA /* LoginViewController.swift */,
				8CAC88882A8D080600D9D4BA /* SpaceViewController.swift */,
			);
			path = Controller;
			sourceTree = "<group>";
		};
		8C8591202A691EAD00F68171 /* Models */ = {
			isa = PBXGroup;
			children = (
				8CA6B78B2A6FB34300A809C0 /* Movie.swift */,
			);
			path = Models;
			sourceTree = "<group>";
		};
		8C8591212A691ECC00F68171 /* Service */ = {
			isa = PBXGroup;
			children = (
				8CA6B7892A6FA2FC00A809C0 /* Service.swift */,
				8CA6B7922A6FC19A00A809C0 /* Constants.swift */,
			);
			path = Service;
			sourceTree = "<group>";
		};
		8C8591262A69245300F68171 /* Cell */ = {
			isa = PBXGroup;
			children = (
				8C8591222A691F0F00F68171 /* MovieListCell.swift */,
				8C8591232A691F0F00F68171 /* MovieListCell.xib */,
			);
			path = Cell;
			sourceTree = "<group>";
		};
/* End PBXGroup section */

/* Begin PBXNativeTarget section */
		8C5204D92A691718002E8945 /* MovieApp */ = {
			isa = PBXNativeTarget;
			buildConfigurationList = 8C5205042A691719002E8945 /* Build configuration list for PBXNativeTarget "MovieApp" */;
			buildPhases = (
				8C5204D62A691718002E8945 /* Sources */,
				8C5204D72A691718002E8945 /* Frameworks */,
				8C5204D82A691718002E8945 /* Resources */,
			);
			buildRules = (
			);
			dependencies = (
			);
			name = MovieApp;
			packageProductDependencies = (
				8CA6B78E2A6FC05C00A809C0 /* SDWebImage */,
				8CA6B7902A6FC05C00A809C0 /* SDWebImageMapKit */,
				8CE70BA22A8AC17E006D02DA /* FirebaseAnalytics */,
				8CE70BA42A8AC17E006D02DA /* FirebaseCrashlytics */,
				8C3CD3792A8AD5C400D002E3 /* FirebaseAuth */,
				8C3CD37B2A8AD5C400D002E3 /* FirebaseAuthCombine-Community */,
			);
			productName = MovieApp;
			productReference = 8C5204DA2A691718002E8945 /* MovieApp.app */;
			productType = "com.apple.product-type.application";
		};
		8C5204EF2A691719002E8945 /* MovieAppTests */ = {
			isa = PBXNativeTarget;
			buildConfigurationList = 8C5205072A691719002E8945 /* Build configuration list for PBXNativeTarget "MovieAppTests" */;
			buildPhases = (
				8C5204EC2A691719002E8945 /* Sources */,
				8C5204ED2A691719002E8945 /* Frameworks */,
				8C5204EE2A691719002E8945 /* Resources */,
			);
			buildRules = (
			);
			dependencies = (
				8C5204F22A691719002E8945 /* PBXTargetDependency */,
			);
			name = MovieAppTests;
			productName = MovieAppTests;
			productReference = 8C5204F02A691719002E8945 /* MovieAppTests.xctest */;
			productType = "com.apple.product-type.bundle.unit-test";
		};
		8C5204F92A691719002E8945 /* MovieAppUITests */ = {
			isa = PBXNativeTarget;
			buildConfigurationList = 8C52050A2A691719002E8945 /* Build configuration list for PBXNativeTarget "MovieAppUITests" */;
			buildPhases = (
				8C5204F62A691719002E8945 /* Sources */,
				8C5204F72A691719002E8945 /* Frameworks */,
				8C5204F82A691719002E8945 /* Resources */,
			);
			buildRules = (
			);
			dependencies = (
				8C5204FC2A691719002E8945 /* PBXTargetDependency */,
			);
			name = MovieAppUITests;
			productName = MovieAppUITests;
			productReference = 8C5204FA2A691719002E8945 /* MovieAppUITests.xctest */;
			productType = "com.apple.product-type.bundle.ui-testing";
		};
/* End PBXNativeTarget section */

/* Begin PBXProject section */
		8C5204D22A691718002E8945 /* Project object */ = {
			isa = PBXProject;
			attributes = {
				BuildIndependentTargetsInParallel = 1;
				LastSwiftUpdateCheck = 1430;
				LastUpgradeCheck = 1430;
				TargetAttributes = {
					8C5204D92A691718002E8945 = {
						CreatedOnToolsVersion = 14.3.1;
					};
					8C5204EF2A691719002E8945 = {
						CreatedOnToolsVersion = 14.3.1;
						TestTargetID = 8C5204D92A691718002E8945;
					};
					8C5204F92A691719002E8945 = {
						CreatedOnToolsVersion = 14.3.1;
						TestTargetID = 8C5204D92A691718002E8945;
					};
				};
			};
			buildConfigurationList = 8C5204D52A691718002E8945 /* Build configuration list for PBXProject "MovieApp" */;
			compatibilityVersion = "Xcode 14.0";
			developmentRegion = en;
			hasScannedForEncodings = 0;
			knownRegions = (
				en,
				Base,
			);
			mainGroup = 8C5204D12A691718002E8945;
			packageReferences = (
				8CA6B78D2A6FC05C00A809C0 /* XCRemoteSwiftPackageReference "SDWebImage" */,
				8CE70BA12A8AC17E006D02DA /* XCRemoteSwiftPackageReference "firebase-ios-sdk" */,
			);
			productRefGroup = 8C5204DB2A691718002E8945 /* Products */;
			projectDirPath = "";
			projectRoot = "";
			targets = (
				8C5204D92A691718002E8945 /* MovieApp */,
				8C5204EF2A691719002E8945 /* MovieAppTests */,
				8C5204F92A691719002E8945 /* MovieAppUITests */,
			);
		};
/* End PBXProject section */

/* Begin PBXResourcesBuildPhase section */
		8C5204D82A691718002E8945 /* Resources */ = {
			isa = PBXResourcesBuildPhase;
			buildActionMask = 2147483647;
			files = (
				8C5204EA2A691719002E8945 /* LaunchScreen.storyboard in Resources */,
				8C5204E72A691719002E8945 /* Assets.xcassets in Resources */,
				8CE70BA02A8ABF0A006D02DA /* GoogleService-Info.plist in Resources */,
				8C8591252A691F0F00F68171 /* MovieListCell.xib in Resources */,
				8C5204E52A691718002E8945 /* Main.storyboard in Resources */,
			);
			runOnlyForDeploymentPostprocessing = 0;
		};
		8C5204EE2A691719002E8945 /* Resources */ = {
			isa = PBXResourcesBuildPhase;
			buildActionMask = 2147483647;
			files = (
			);
			runOnlyForDeploymentPostprocessing = 0;
		};
		8C5204F82A691719002E8945 /* Resources */ = {
			isa = PBXResourcesBuildPhase;
			buildActionMask = 2147483647;
			files = (
			);
			runOnlyForDeploymentPostprocessing = 0;
		};
/* End PBXResourcesBuildPhase section */

/* Begin PBXSourcesBuildPhase section */
		8C5204D62A691718002E8945 /* Sources */ = {
			isa = PBXSourcesBuildPhase;
			buildActionMask = 2147483647;
			files = (
				8CAC88892A8D080600D9D4BA /* SpaceViewController.swift in Sources */,
				8CE70BA72A8ACB6C006D02DA /* LoginViewController.swift in Sources */,
				8C51BFDC2A78E42A001AAE1E /* OnboardingViewController.swift in Sources */,
				8C51BFDA2A78544A001AAE1E /* LandScapeManager.swift in Sources */,
				8C5204E22A691718002E8945 /* ViewController.swift in Sources */,
				8CA6B78A2A6FA31200A809C0 /* Service.swift in Sources */,
				8C5204DE2A691718002E8945 /* AppDelegate.swift in Sources */,
				8C8591242A691F0F00F68171 /* MovieListCell.swift in Sources */,
				8C5204E02A691718002E8945 /* SceneDelegate.swift in Sources */,
				8C8591302A6E5F5C00F68171 /* FavoritesViewController.swift in Sources */,
				8CA6B78C2A6FB34300A809C0 /* Movie.swift in Sources */,
				8C51BFE42A78F30D001AAE1E /* OnboardingCell.swift in Sources */,
				8C85912E2A6DB09500F68171 /* DetailsViewController.swift in Sources */,
				8CA6B7932A6FC19A00A809C0 /* Constants.swift in Sources */,
				8C51BFE02A78EAD2001AAE1E /* ImageHelper.swift in Sources */,
			);
			runOnlyForDeploymentPostprocessing = 0;
		};
		8C5204EC2A691719002E8945 /* Sources */ = {
			isa = PBXSourcesBuildPhase;
			buildActionMask = 2147483647;
			files = (
				8C5204F52A691719002E8945 /* MovieAppTests.swift in Sources */,
			);
			runOnlyForDeploymentPostprocessing = 0;
		};
		8C5204F62A691719002E8945 /* Sources */ = {
			isa = PBXSourcesBuildPhase;
			buildActionMask = 2147483647;
			files = (
				8C5205012A691719002E8945 /* MovieAppUITestsLaunchTests.swift in Sources */,
				8C5204FF2A691719002E8945 /* MovieAppUITests.swift in Sources */,
			);
			runOnlyForDeploymentPostprocessing = 0;
		};
/* End PBXSourcesBuildPhase section */

/* Begin PBXTargetDependency section */
		8C5204F22A691719002E8945 /* PBXTargetDependency */ = {
			isa = PBXTargetDependency;
			target = 8C5204D92A691718002E8945 /* MovieApp */;
			targetProxy = 8C5204F12A691719002E8945 /* PBXContainerItemProxy */;
		};
		8C5204FC2A691719002E8945 /* PBXTargetDependency */ = {
			isa = PBXTargetDependency;
			target = 8C5204D92A691718002E8945 /* MovieApp */;
			targetProxy = 8C5204FB2A691719002E8945 /* PBXContainerItemProxy */;
		};
/* End PBXTargetDependency section */

/* Begin PBXVariantGroup section */
		8C5204E32A691718002E8945 /* Main.storyboard */ = {
			isa = PBXVariantGroup;
			children = (
				8C5204E42A691718002E8945 /* Base */,
			);
			name = Main.storyboard;
			sourceTree = "<group>";
		};
		8C5204E82A691719002E8945 /* LaunchScreen.storyboard */ = {
			isa = PBXVariantGroup;
			children = (
				8C5204E92A691719002E8945 /* Base */,
			);
			name = LaunchScreen.storyboard;
			sourceTree = "<group>";
		};
/* End PBXVariantGroup section */

/* Begin XCBuildConfiguration section */
		8C5205022A691719002E8945 /* Debug */ = {
			isa = XCBuildConfiguration;
			buildSettings = {
				ALWAYS_SEARCH_USER_PATHS = NO;
				CLANG_ANALYZER_NONNULL = YES;
				CLANG_ANALYZER_NUMBER_OBJECT_CONVERSION = YES_AGGRESSIVE;
				CLANG_CXX_LANGUAGE_STANDARD = "gnu++20";
				CLANG_ENABLE_MODULES = YES;
				CLANG_ENABLE_OBJC_ARC = YES;
				CLANG_ENABLE_OBJC_WEAK = YES;
				CLANG_WARN_BLOCK_CAPTURE_AUTORELEASING = YES;
				CLANG_WARN_BOOL_CONVERSION = YES;
				CLANG_WARN_COMMA = YES;
				CLANG_WARN_CONSTANT_CONVERSION = YES;
				CLANG_WARN_DEPRECATED_OBJC_IMPLEMENTATIONS = YES;
				CLANG_WARN_DIRECT_OBJC_ISA_USAGE = YES_ERROR;
				CLANG_WARN_DOCUMENTATION_COMMENTS = YES;
				CLANG_WARN_EMPTY_BODY = YES;
				CLANG_WARN_ENUM_CONVERSION = YES;
				CLANG_WARN_INFINITE_RECURSION = YES;
				CLANG_WARN_INT_CONVERSION = YES;
				CLANG_WARN_NON_LITERAL_NULL_CONVERSION = YES;
				CLANG_WARN_OBJC_IMPLICIT_RETAIN_SELF = YES;
				CLANG_WARN_OBJC_LITERAL_CONVERSION = YES;
				CLANG_WARN_OBJC_ROOT_CLASS = YES_ERROR;
				CLANG_WARN_QUOTED_INCLUDE_IN_FRAMEWORK_HEADER = YES;
				CLANG_WARN_RANGE_LOOP_ANALYSIS = YES;
				CLANG_WARN_STRICT_PROTOTYPES = YES;
				CLANG_WARN_SUSPICIOUS_MOVE = YES;
				CLANG_WARN_UNGUARDED_AVAILABILITY = YES_AGGRESSIVE;
				CLANG_WARN_UNREACHABLE_CODE = YES;
				CLANG_WARN__DUPLICATE_METHOD_MATCH = YES;
				COPY_PHASE_STRIP = NO;
				DEBUG_INFORMATION_FORMAT = dwarf;
				ENABLE_STRICT_OBJC_MSGSEND = YES;
				ENABLE_TESTABILITY = YES;
				GCC_C_LANGUAGE_STANDARD = gnu11;
				GCC_DYNAMIC_NO_PIC = NO;
				GCC_NO_COMMON_BLOCKS = YES;
				GCC_OPTIMIZATION_LEVEL = 0;
				GCC_PREPROCESSOR_DEFINITIONS = (
					"DEBUG=1",
					"$(inherited)",
				);
				GCC_WARN_64_TO_32_BIT_CONVERSION = YES;
				GCC_WARN_ABOUT_RETURN_TYPE = YES_ERROR;
				GCC_WARN_UNDECLARED_SELECTOR = YES;
				GCC_WARN_UNINITIALIZED_AUTOS = YES_AGGRESSIVE;
				GCC_WARN_UNUSED_FUNCTION = YES;
				GCC_WARN_UNUSED_VARIABLE = YES;
				IPHONEOS_DEPLOYMENT_TARGET = 16.4;
				MTL_ENABLE_DEBUG_INFO = INCLUDE_SOURCE;
				MTL_FAST_MATH = YES;
				ONLY_ACTIVE_ARCH = YES;
				SDKROOT = iphoneos;
				SWIFT_ACTIVE_COMPILATION_CONDITIONS = DEBUG;
				SWIFT_OPTIMIZATION_LEVEL = "-Onone";
			};
			name = Debug;
		};
		8C5205032A691719002E8945 /* Release */ = {
			isa = XCBuildConfiguration;
			buildSettings = {
				ALWAYS_SEARCH_USER_PATHS = NO;
				CLANG_ANALYZER_NONNULL = YES;
				CLANG_ANALYZER_NUMBER_OBJECT_CONVERSION = YES_AGGRESSIVE;
				CLANG_CXX_LANGUAGE_STANDARD = "gnu++20";
				CLANG_ENABLE_MODULES = YES;
				CLANG_ENABLE_OBJC_ARC = YES;
				CLANG_ENABLE_OBJC_WEAK = YES;
				CLANG_WARN_BLOCK_CAPTURE_AUTORELEASING = YES;
				CLANG_WARN_BOOL_CONVERSION = YES;
				CLANG_WARN_COMMA = YES;
				CLANG_WARN_CONSTANT_CONVERSION = YES;
				CLANG_WARN_DEPRECATED_OBJC_IMPLEMENTATIONS = YES;
				CLANG_WARN_DIRECT_OBJC_ISA_USAGE = YES_ERROR;
				CLANG_WARN_DOCUMENTATION_COMMENTS = YES;
				CLANG_WARN_EMPTY_BODY = YES;
				CLANG_WARN_ENUM_CONVERSION = YES;
				CLANG_WARN_INFINITE_RECURSION = YES;
				CLANG_WARN_INT_CONVERSION = YES;
				CLANG_WARN_NON_LITERAL_NULL_CONVERSION = YES;
				CLANG_WARN_OBJC_IMPLICIT_RETAIN_SELF = YES;
				CLANG_WARN_OBJC_LITERAL_CONVERSION = YES;
				CLANG_WARN_OBJC_ROOT_CLASS = YES_ERROR;
				CLANG_WARN_QUOTED_INCLUDE_IN_FRAMEWORK_HEADER = YES;
				CLANG_WARN_RANGE_LOOP_ANALYSIS = YES;
				CLANG_WARN_STRICT_PROTOTYPES = YES;
				CLANG_WARN_SUSPICIOUS_MOVE = YES;
				CLANG_WARN_UNGUARDED_AVAILABILITY = YES_AGGRESSIVE;
				CLANG_WARN_UNREACHABLE_CODE = YES;
				CLANG_WARN__DUPLICATE_METHOD_MATCH = YES;
				COPY_PHASE_STRIP = NO;
				DEBUG_INFORMATION_FORMAT = "dwarf-with-dsym";
				ENABLE_NS_ASSERTIONS = NO;
				ENABLE_STRICT_OBJC_MSGSEND = YES;
				GCC_C_LANGUAGE_STANDARD = gnu11;
				GCC_NO_COMMON_BLOCKS = YES;
				GCC_WARN_64_TO_32_BIT_CONVERSION = YES;
				GCC_WARN_ABOUT_RETURN_TYPE = YES_ERROR;
				GCC_WARN_UNDECLARED_SELECTOR = YES;
				GCC_WARN_UNINITIALIZED_AUTOS = YES_AGGRESSIVE;
				GCC_WARN_UNUSED_FUNCTION = YES;
				GCC_WARN_UNUSED_VARIABLE = YES;
				IPHONEOS_DEPLOYMENT_TARGET = 16.4;
				MTL_ENABLE_DEBUG_INFO = NO;
				MTL_FAST_MATH = YES;
				SDKROOT = iphoneos;
				SWIFT_COMPILATION_MODE = wholemodule;
				SWIFT_OPTIMIZATION_LEVEL = "-O";
				VALIDATE_PRODUCT = YES;
			};
			name = Release;
		};
		8C5205052A691719002E8945 /* Debug */ = {
			isa = XCBuildConfiguration;
			buildSettings = {
				ASSETCATALOG_COMPILER_APPICON_NAME = AppIcon;
				ASSETCATALOG_COMPILER_GLOBAL_ACCENT_COLOR_NAME = AccentColor;
				CODE_SIGN_STYLE = Automatic;
				CURRENT_PROJECT_VERSION = 1;
				GENERATE_INFOPLIST_FILE = YES;
				INFOPLIST_FILE = MovieApp/Info.plist;
				INFOPLIST_KEY_CFBundleDisplayName = MovieApp;
				INFOPLIST_KEY_UIApplicationSupportsIndirectInputEvents = YES;
				INFOPLIST_KEY_UILaunchStoryboardName = LaunchScreen;
				INFOPLIST_KEY_UIMainStoryboardFile = Main;
				INFOPLIST_KEY_UISupportedInterfaceOrientations_iPad = "UIInterfaceOrientationPortrait UIInterfaceOrientationPortraitUpsideDown UIInterfaceOrientationLandscapeLeft UIInterfaceOrientationLandscapeRight";
				INFOPLIST_KEY_UISupportedInterfaceOrientations_iPhone = "UIInterfaceOrientationPortrait UIInterfaceOrientationLandscapeLeft UIInterfaceOrientationLandscapeRight";
				LD_RUNPATH_SEARCH_PATHS = (
					"$(inherited)",
					"@executable_path/Frameworks",
				);
				MARKETING_VERSION = 1.0;
				PRODUCT_BUNDLE_IDENTIFIER = nsk.MovieApp;
				PRODUCT_NAME = "$(TARGET_NAME)";
				SWIFT_EMIT_LOC_STRINGS = YES;
				SWIFT_VERSION = 5.0;
				TARGETED_DEVICE_FAMILY = "1,2";
			};
			name = Debug;
		};
		8C5205062A691719002E8945 /* Release */ = {
			isa = XCBuildConfiguration;
			buildSettings = {
				ASSETCATALOG_COMPILER_APPICON_NAME = AppIcon;
				ASSETCATALOG_COMPILER_GLOBAL_ACCENT_COLOR_NAME = AccentColor;
				CODE_SIGN_STYLE = Automatic;
				CURRENT_PROJECT_VERSION = 1;
				GENERATE_INFOPLIST_FILE = YES;
				INFOPLIST_FILE = MovieApp/Info.plist;
				INFOPLIST_KEY_CFBundleDisplayName = MovieApp;
				INFOPLIST_KEY_UIApplicationSupportsIndirectInputEvents = YES;
				INFOPLIST_KEY_UILaunchStoryboardName = LaunchScreen;
				INFOPLIST_KEY_UIMainStoryboardFile = Main;
				INFOPLIST_KEY_UISupportedInterfaceOrientations_iPad = "UIInterfaceOrientationPortrait UIInterfaceOrientationPortraitUpsideDown UIInterfaceOrientationLandscapeLeft UIInterfaceOrientationLandscapeRight";
				INFOPLIST_KEY_UISupportedInterfaceOrientations_iPhone = "UIInterfaceOrientationPortrait UIInterfaceOrientationLandscapeLeft UIInterfaceOrientationLandscapeRight";
				LD_RUNPATH_SEARCH_PATHS = (
					"$(inherited)",
					"@executable_path/Frameworks",
				);
				MARKETING_VERSION = 1.0;
				PRODUCT_BUNDLE_IDENTIFIER = nsk.MovieApp;
				PRODUCT_NAME = "$(TARGET_NAME)";
				SWIFT_EMIT_LOC_STRINGS = YES;
				SWIFT_VERSION = 5.0;
				TARGETED_DEVICE_FAMILY = "1,2";
			};
			name = Release;
		};
		8C5205082A691719002E8945 /* Debug */ = {
			isa = XCBuildConfiguration;
			buildSettings = {
				ALWAYS_EMBED_SWIFT_STANDARD_LIBRARIES = YES;
				BUNDLE_LOADER = "$(TEST_HOST)";
				CODE_SIGN_STYLE = Automatic;
				CURRENT_PROJECT_VERSION = 1;
				GENERATE_INFOPLIST_FILE = YES;
				IPHONEOS_DEPLOYMENT_TARGET = 16.4;
				MARKETING_VERSION = 1.0;
				PRODUCT_BUNDLE_IDENTIFIER = nsk.MovieAppTests;
				PRODUCT_NAME = "$(TARGET_NAME)";
				SWIFT_EMIT_LOC_STRINGS = NO;
				SWIFT_VERSION = 5.0;
				TARGETED_DEVICE_FAMILY = "1,2";
				TEST_HOST = "$(BUILT_PRODUCTS_DIR)/MovieApp.app/$(BUNDLE_EXECUTABLE_FOLDER_PATH)/MovieApp";
			};
			name = Debug;
		};
		8C5205092A691719002E8945 /* Release */ = {
			isa = XCBuildConfiguration;
			buildSettings = {
				ALWAYS_EMBED_SWIFT_STANDARD_LIBRARIES = YES;
				BUNDLE_LOADER = "$(TEST_HOST)";
				CODE_SIGN_STYLE = Automatic;
				CURRENT_PROJECT_VERSION = 1;
				GENERATE_INFOPLIST_FILE = YES;
				IPHONEOS_DEPLOYMENT_TARGET = 16.4;
				MARKETING_VERSION = 1.0;
				PRODUCT_BUNDLE_IDENTIFIER = nsk.MovieAppTests;
				PRODUCT_NAME = "$(TARGET_NAME)";
				SWIFT_EMIT_LOC_STRINGS = NO;
				SWIFT_VERSION = 5.0;
				TARGETED_DEVICE_FAMILY = "1,2";
				TEST_HOST = "$(BUILT_PRODUCTS_DIR)/MovieApp.app/$(BUNDLE_EXECUTABLE_FOLDER_PATH)/MovieApp";
			};
			name = Release;
		};
		8C52050B2A691719002E8945 /* Debug */ = {
			isa = XCBuildConfiguration;
			buildSettings = {
				ALWAYS_EMBED_SWIFT_STANDARD_LIBRARIES = YES;
				CODE_SIGN_STYLE = Automatic;
				CURRENT_PROJECT_VERSION = 1;
				GENERATE_INFOPLIST_FILE = YES;
				MARKETING_VERSION = 1.0;
				PRODUCT_BUNDLE_IDENTIFIER = nsk.MovieAppUITests;
				PRODUCT_NAME = "$(TARGET_NAME)";
				SWIFT_EMIT_LOC_STRINGS = NO;
				SWIFT_VERSION = 5.0;
				TARGETED_DEVICE_FAMILY = "1,2";
				TEST_TARGET_NAME = MovieApp;
			};
			name = Debug;
		};
		8C52050C2A691719002E8945 /* Release */ = {
			isa = XCBuildConfiguration;
			buildSettings = {
				ALWAYS_EMBED_SWIFT_STANDARD_LIBRARIES = YES;
				CODE_SIGN_STYLE = Automatic;
				CURRENT_PROJECT_VERSION = 1;
				GENERATE_INFOPLIST_FILE = YES;
				MARKETING_VERSION = 1.0;
				PRODUCT_BUNDLE_IDENTIFIER = nsk.MovieAppUITests;
				PRODUCT_NAME = "$(TARGET_NAME)";
				SWIFT_EMIT_LOC_STRINGS = NO;
				SWIFT_VERSION = 5.0;
				TARGETED_DEVICE_FAMILY = "1,2";
				TEST_TARGET_NAME = MovieApp;
			};
			name = Release;
		};
/* End XCBuildConfiguration section */

/* Begin XCConfigurationList section */
		8C5204D52A691718002E8945 /* Build configuration list for PBXProject "MovieApp" */ = {
			isa = XCConfigurationList;
			buildConfigurations = (
				8C5205022A691719002E8945 /* Debug */,
				8C5205032A691719002E8945 /* Release */,
			);
			defaultConfigurationIsVisible = 0;
			defaultConfigurationName = Release;
		};
		8C5205042A691719002E8945 /* Build configuration list for PBXNativeTarget "MovieApp" */ = {
			isa = XCConfigurationList;
			buildConfigurations = (
				8C5205052A691719002E8945 /* Debug */,
				8C5205062A691719002E8945 /* Release */,
			);
			defaultConfigurationIsVisible = 0;
			defaultConfigurationName = Release;
		};
		8C5205072A691719002E8945 /* Build configuration list for PBXNativeTarget "MovieAppTests" */ = {
			isa = XCConfigurationList;
			buildConfigurations = (
				8C5205082A691719002E8945 /* Debug */,
				8C5205092A691719002E8945 /* Release */,
			);
			defaultConfigurationIsVisible = 0;
			defaultConfigurationName = Release;
		};
		8C52050A2A691719002E8945 /* Build configuration list for PBXNativeTarget "MovieAppUITests" */ = {
			isa = XCConfigurationList;
			buildConfigurations = (
				8C52050B2A691719002E8945 /* Debug */,
				8C52050C2A691719002E8945 /* Release */,
			);
			defaultConfigurationIsVisible = 0;
			defaultConfigurationName = Release;
		};
/* End XCConfigurationList section */

/* Begin XCRemoteSwiftPackageReference section */
		8CA6B78D2A6FC05C00A809C0 /* XCRemoteSwiftPackageReference "SDWebImage" */ = {
			isa = XCRemoteSwiftPackageReference;
			repositoryURL = "https://github.com/SDWebImage/SDWebImage.git";
			requirement = {
				kind = upToNextMajorVersion;
				minimumVersion = 5.0.0;
			};
		};
		8CE70BA12A8AC17E006D02DA /* XCRemoteSwiftPackageReference "firebase-ios-sdk" */ = {
			isa = XCRemoteSwiftPackageReference;
			repositoryURL = "https://github.com/firebase/firebase-ios-sdk";
			requirement = {
				kind = upToNextMajorVersion;
				minimumVersion = 10.0.0;
			};
		};
/* End XCRemoteSwiftPackageReference section */

/* Begin XCSwiftPackageProductDependency section */
		8C3CD3792A8AD5C400D002E3 /* FirebaseAuth */ = {
			isa = XCSwiftPackageProductDependency;
			package = 8CE70BA12A8AC17E006D02DA /* XCRemoteSwiftPackageReference "firebase-ios-sdk" */;
			productName = FirebaseAuth;
		};
		8C3CD37B2A8AD5C400D002E3 /* FirebaseAuthCombine-Community */ = {
			isa = XCSwiftPackageProductDependency;
			package = 8CE70BA12A8AC17E006D02DA /* XCRemoteSwiftPackageReference "firebase-ios-sdk" */;
			productName = "FirebaseAuthCombine-Community";
		};
		8CA6B78E2A6FC05C00A809C0 /* SDWebImage */ = {
			isa = XCSwiftPackageProductDependency;
			package = 8CA6B78D2A6FC05C00A809C0 /* XCRemoteSwiftPackageReference "SDWebImage" */;
			productName = SDWebImage;
		};
		8CA6B7902A6FC05C00A809C0 /* SDWebImageMapKit */ = {
			isa = XCSwiftPackageProductDependency;
			package = 8CA6B78D2A6FC05C00A809C0 /* XCRemoteSwiftPackageReference "SDWebImage" */;
			productName = SDWebImageMapKit;
		};
		8CE70BA22A8AC17E006D02DA /* FirebaseAnalytics */ = {
			isa = XCSwiftPackageProductDependency;
			package = 8CE70BA12A8AC17E006D02DA /* XCRemoteSwiftPackageReference "firebase-ios-sdk" */;
			productName = FirebaseAnalytics;
		};
		8CE70BA42A8AC17E006D02DA /* FirebaseCrashlytics */ = {
			isa = XCSwiftPackageProductDependency;
			package = 8CE70BA12A8AC17E006D02DA /* XCRemoteSwiftPackageReference "firebase-ios-sdk" */;
			productName = FirebaseCrashlytics;
		};
/* End XCSwiftPackageProductDependency section */
	};
	rootObject = 8C5204D22A691718002E8945 /* Project object */;
}
